
Microsoft Visual Studio Solution File, Format Version 12.00
# Visual Studio 15
VisualStudioVersion = 15.0.26430.4
MinimumVisualStudioVersion = 10.0.40219.1
Project("{FAE04EC0-301F-11D3-BF4B-00C04F79EFBC}") = "UserDataPermissions", "UserDataPermissions\UserDataPermissions.csproj", "{552A3A70-1C6C-470F-9FAA-8D124C883600}"
EndProject
Global
	GlobalSection(SolutionConfigurationPlatforms) = preSolution
		Debug|Any CPU = Debug|Any CPU
		Release|Any CPU = Release|Any CPU
	EndGlobalSection
	GlobalSection(ProjectConfigurationPlatforms) = postSolution
		{552A3A70-1C6C-470F-9FAA-8D124C883600}.Debug|Any CPU.ActiveCfg = Debug|Any CPU
		{552A3A70-1C6C-470F-9FAA-8D124C883600}.Debug|Any CPU.Build.0 = Debug|Any CPU
		{552A3A70-1C6C-470F-9FAA-8D124C883600}.Release|Any CPU.ActiveCfg = Release|Any CPU
		{552A3A70-1C6C-470F-9FAA-8D124C883600}.Release|Any CPU.Build.0 = Release|Any CPU
	EndGlobalSection
	GlobalSection(SolutionProperties) = preSolution
		HideSolutionNode = FALSE
	EndGlobalSection
EndGlobal
